
Microsoft Visual Studio Solution File, Format Version 12.00
# Visual Studio Version 16
VisualStudioVersion = 16.0.28922.388
MinimumVisualStudioVersion = 10.0.40219.1
Project("{8BC9CEB8-8B4A-11D0-8D11-00A0C91BC942}") = "Game_Drunkard", "Game_Drunkard.vcxproj", "{CB7223C2-80E5-45CF-8386-A289F4F113BD}"
EndProject
Global
	GlobalSection(SolutionConfigurationPlatforms) = preSolution
		Debug|x64 = Debug|x64
		Debug|x86 = Debug|x86
		Release|x64 = Release|x64
		Release|x86 = Release|x86
	EndGlobalSection
	GlobalSection(ProjectConfigurationPlatforms) = postSolution
		{CB7223C2-80E5-45CF-8386-A289F4F113BD}.Debug|x64.ActiveCfg = Debug|x64
		{CB7223C2-80E5-45CF-8386-A289F4F113BD}.Debug|x64.Build.0 = Debug|x64
		{CB7223C2-80E5-45CF-8386-A289F4F113BD}.Debug|x86.ActiveCfg = Debug|Win32
		{CB7223C2-80E5-45CF-8386-A289F4F113BD}.Debug|x86.Build.0 = Debug|Win32
		{CB7223C2-80E5-45CF-8386-A289F4F113BD}.Release|x64.ActiveCfg = Release|x64
		{CB7223C2-80E5-45CF-8386-A289F4F113BD}.Release|x64.Build.0 = Release|x64
		{CB7223C2-80E5-45CF-8386-A289F4F113BD}.Release|x86.ActiveCfg = Release|Win32
		{CB7223C2-80E5-45CF-8386-A289F4F113BD}.Release|x86.Build.0 = Release|Win32
	EndGlobalSection
	GlobalSection(SolutionProperties) = preSolution
		HideSolutionNode = FALSE
	EndGlobalSection
	GlobalSection(ExtensibilityGlobals) = postSolution
		SolutionGuid = {9C52A6ED-A8B4-4BB6-BA1E-AF524CDC3D56}
	EndGlobalSection
EndGlobal
